
Microsoft Visual Studio Solution File, Format Version 12.00
# Visual Studio Version 17
VisualStudioVersion = 17.9.34728.123
MinimumVisualStudioVersion = 10.0.40219.1
Project("{2150E333-8FDC-42A3-9474-1A3956D46DE8}") = "Core", "Core", "{33712E13-D66D-4213-B37D-3DF74BDAFB25}"
EndProject
Project("{2150E333-8FDC-42A3-9474-1A3956D46DE8}") = "Infrastructure", "Infrastructure", "{6B9582DD-EE82-4C7B-BC8D-E2D6F111675D}"
EndProject
Project("{2150E333-8FDC-42A3-9474-1A3956D46DE8}") = "FrontEnd", "FrontEnd", "{B3705196-FAF4-4CCD-AF66-EDB5D7484966}"
EndProject
Project("{2150E333-8FDC-42A3-9474-1A3956D46DE8}") = "Presentation", "Presentation", "{DD58EAFC-44DE-445C-8413-CA492FB5EDA3}"
EndProject
Project("{9A19103F-16F7-4668-BE54-9A1E7A4F7556}") = "Domain", "Core\Domain\Domain.csproj", "{C0291316-2608-478E-8320-9553703EF092}"
EndProject
Project("{9A19103F-16F7-4668-BE54-9A1E7A4F7556}") = "Application", "Core\Application\Application.csproj", "{0ACFCF09-05BE-4007-827A-2619B380BF04}"
EndProject
Project("{9A19103F-16F7-4668-BE54-9A1E7A4F7556}") = "Persistence", "Infrastructure\Persistence\Persistence.csproj", "{8E6D58BA-71E7-4426-8677-52892E1AAAE5}"
EndProject
Project("{9A19103F-16F7-4668-BE54-9A1E7A4F7556}") = "WebApi", "Presentation\WebApi\WebApi.csproj", "{292E383F-8C65-43F9-B7D2-0B6AE48D2849}"
EndProject
Project("{FAE04EC0-301F-11D3-BF4B-00C04F79EFBC}") = "WebUI", "FrontEnd\WebUI\WebUI.csproj", "{C925CD83-CD0F-40D6-9392-9239A9CEFD04}"
EndProject
Global
	GlobalSection(SolutionConfigurationPlatforms) = preSolution
		Debug|Any CPU = Debug|Any CPU
		Release|Any CPU = Release|Any CPU
	EndGlobalSection
	GlobalSection(ProjectConfigurationPlatforms) = postSolution
		{C0291316-2608-478E-8320-9553703EF092}.Debug|Any CPU.ActiveCfg = Debug|Any CPU
		{C0291316-2608-478E-8320-9553703EF092}.Debug|Any CPU.Build.0 = Debug|Any CPU
		{C0291316-2608-478E-8320-9553703EF092}.Release|Any CPU.ActiveCfg = Release|Any CPU
		{C0291316-2608-478E-8320-9553703EF092}.Release|Any CPU.Build.0 = Release|Any CPU
		{0ACFCF09-05BE-4007-827A-2619B380BF04}.Debug|Any CPU.ActiveCfg = Debug|Any CPU
		{0ACFCF09-05BE-4007-827A-2619B380BF04}.Debug|Any CPU.Build.0 = Debug|Any CPU
		{0ACFCF09-05BE-4007-827A-2619B380BF04}.Release|Any CPU.ActiveCfg = Release|Any CPU
		{0ACFCF09-05BE-4007-827A-2619B380BF04}.Release|Any CPU.Build.0 = Release|Any CPU
		{8E6D58BA-71E7-4426-8677-52892E1AAAE5}.Debug|Any CPU.ActiveCfg = Debug|Any CPU
		{8E6D58BA-71E7-4426-8677-52892E1AAAE5}.Debug|Any CPU.Build.0 = Debug|Any CPU
		{8E6D58BA-71E7-4426-8677-52892E1AAAE5}.Release|Any CPU.ActiveCfg = Release|Any CPU
		{8E6D58BA-71E7-4426-8677-52892E1AAAE5}.Release|Any CPU.Build.0 = Release|Any CPU
		{292E383F-8C65-43F9-B7D2-0B6AE48D2849}.Debug|Any CPU.ActiveCfg = Debug|Any CPU
		{292E383F-8C65-43F9-B7D2-0B6AE48D2849}.Debug|Any CPU.Build.0 = Debug|Any CPU
		{292E383F-8C65-43F9-B7D2-0B6AE48D2849}.Release|Any CPU.ActiveCfg = Release|Any CPU
		{292E383F-8C65-43F9-B7D2-0B6AE48D2849}.Release|Any CPU.Build.0 = Release|Any CPU
		{C925CD83-CD0F-40D6-9392-9239A9CEFD04}.Debug|Any CPU.ActiveCfg = Debug|Any CPU
		{C925CD83-CD0F-40D6-9392-9239A9CEFD04}.Debug|Any CPU.Build.0 = Debug|Any CPU
		{C925CD83-CD0F-40D6-9392-9239A9CEFD04}.Release|Any CPU.ActiveCfg = Release|Any CPU
		{C925CD83-CD0F-40D6-9392-9239A9CEFD04}.Release|Any CPU.Build.0 = Release|Any CPU
	EndGlobalSection
	GlobalSection(SolutionProperties) = preSolution
		HideSolutionNode = FALSE
	EndGlobalSection
	GlobalSection(NestedProjects) = preSolution
		{C0291316-2608-478E-8320-9553703EF092} = {33712E13-D66D-4213-B37D-3DF74BDAFB25}
		{0ACFCF09-05BE-4007-827A-2619B380BF04} = {33712E13-D66D-4213-B37D-3DF74BDAFB25}
		{8E6D58BA-71E7-4426-8677-52892E1AAAE5} = {6B9582DD-EE82-4C7B-BC8D-E2D6F111675D}
		{292E383F-8C65-43F9-B7D2-0B6AE48D2849} = {DD58EAFC-44DE-445C-8413-CA492FB5EDA3}
		{C925CD83-CD0F-40D6-9392-9239A9CEFD04} = {B3705196-FAF4-4CCD-AF66-EDB5D7484966}
	EndGlobalSection
	GlobalSection(ExtensibilityGlobals) = postSolution
		SolutionGuid = {C768E5EB-75F3-4D2E-BE6A-283EB04F5DC4}
	EndGlobalSection
EndGlobal
